
Microsoft Visual Studio Solution File, Format Version 12.00
# Visual Studio Version 16
Project("{2150E333-8FDC-42A3-9474-1A3956D46DE8}") = "CMakePredefinedTargets", "CMakePredefinedTargets", "{98BDDF62-8653-30ED-8C55-DB7468275380}"
EndProject
Project("{2150E333-8FDC-42A3-9474-1A3956D46DE8}") = "External", "External", "{DB71B17A-9C08-3C47-98B4-0FCFB0B22329}"
EndProject
Project("{2150E333-8FDC-42A3-9474-1A3956D46DE8}") = "Internal", "Internal", "{3E350385-C925-3A66-96CC-2EA0E33BCC0B}"
EndProject
Project("{8BC9CEB8-8B4A-11D0-8D11-00A0C91BC942}") = "ALL_BUILD", "ALL_BUILD.vcxproj", "{D9B6734D-2FFC-3224-9C06-D720095ED24D}"
	ProjectSection(ProjectDependencies) = postProject
		{AB4C0871-6E98-3CE5-B60B-504FAD3C6F22} = {AB4C0871-6E98-3CE5-B60B-504FAD3C6F22}
		{39E21DA3-3542-3043-B29F-1E5957F8A05C} = {39E21DA3-3542-3043-B29F-1E5957F8A05C}
		{4DDF4AF3-8787-3916-A2DD-0B8FCF31D012} = {4DDF4AF3-8787-3916-A2DD-0B8FCF31D012}
		{9841182F-B5A4-30E9-8B8F-CC4390BCA5D8} = {9841182F-B5A4-30E9-8B8F-CC4390BCA5D8}
		{E34C9BA7-2CC1-371D-89C3-4C2217BAFD54} = {E34C9BA7-2CC1-371D-89C3-4C2217BAFD54}
		{F741B7C5-BD31-3B95-AC4B-5344C9C528FB} = {F741B7C5-BD31-3B95-AC4B-5344C9C528FB}
		{813519EA-7B83-381B-B7FA-01B59AF58F1A} = {813519EA-7B83-381B-B7FA-01B59AF58F1A}
		{1DD2226B-733E-39A6-9AB4-51FD2BE9620A} = {1DD2226B-733E-39A6-9AB4-51FD2BE9620A}
		{3D23F753-3DEA-3171-94EE-D43246021AFA} = {3D23F753-3DEA-3171-94EE-D43246021AFA}
		{A9A9D956-C42A-3F26-91AC-6086AC3B79F8} = {A9A9D956-C42A-3F26-91AC-6086AC3B79F8}
		{5C637ACF-AF4E-3D4A-A9C8-BC999BD2C890} = {5C637ACF-AF4E-3D4A-A9C8-BC999BD2C890}
		{99704EF1-706B-3BA8-98ED-8FE6C897AB3F} = {99704EF1-706B-3BA8-98ED-8FE6C897AB3F}
		{2F0C163B-4C47-3966-81C9-8A8E7C851BB2} = {2F0C163B-4C47-3966-81C9-8A8E7C851BB2}
	EndProjectSection
EndProject
Project("{8BC9CEB8-8B4A-11D0-8D11-00A0C91BC942}") = "ZERO_CHECK", "..\..\..\\ZERO_CHECK.vcxproj", "{AB4C0871-6E98-3CE5-B60B-504FAD3C6F22}"
	ProjectSection(ProjectDependencies) = postProject
	EndProjectSection
EndProject
Project("{8BC9CEB8-8B4A-11D0-8D11-00A0C91BC942}") = "cocos2d", "cocos2d.vcxproj", "{39E21DA3-3542-3043-B29F-1E5957F8A05C}"
	ProjectSection(ProjectDependencies) = postProject
		{AB4C0871-6E98-3CE5-B60B-504FAD3C6F22} = {AB4C0871-6E98-3CE5-B60B-504FAD3C6F22}
		{4DDF4AF3-8787-3916-A2DD-0B8FCF31D012} = {4DDF4AF3-8787-3916-A2DD-0B8FCF31D012}
		{9841182F-B5A4-30E9-8B8F-CC4390BCA5D8} = {9841182F-B5A4-30E9-8B8F-CC4390BCA5D8}
		{E34C9BA7-2CC1-371D-89C3-4C2217BAFD54} = {E34C9BA7-2CC1-371D-89C3-4C2217BAFD54}
		{F741B7C5-BD31-3B95-AC4B-5344C9C528FB} = {F741B7C5-BD31-3B95-AC4B-5344C9C528FB}
		{813519EA-7B83-381B-B7FA-01B59AF58F1A} = {813519EA-7B83-381B-B7FA-01B59AF58F1A}
		{1DD2226B-733E-39A6-9AB4-51FD2BE9620A} = {1DD2226B-733E-39A6-9AB4-51FD2BE9620A}
		{3D23F753-3DEA-3171-94EE-D43246021AFA} = {3D23F753-3DEA-3171-94EE-D43246021AFA}
		{A9A9D956-C42A-3F26-91AC-6086AC3B79F8} = {A9A9D956-C42A-3F26-91AC-6086AC3B79F8}
		{5C637ACF-AF4E-3D4A-A9C8-BC999BD2C890} = {5C637ACF-AF4E-3D4A-A9C8-BC999BD2C890}
		{99704EF1-706B-3BA8-98ED-8FE6C897AB3F} = {99704EF1-706B-3BA8-98ED-8FE6C897AB3F}
		{2F0C163B-4C47-3966-81C9-8A8E7C851BB2} = {2F0C163B-4C47-3966-81C9-8A8E7C851BB2}
	EndProjectSection
EndProject
Project("{8BC9CEB8-8B4A-11D0-8D11-00A0C91BC942}") = "ext_clipper", "..\..\external\clipper\ext_clipper.vcxproj", "{4DDF4AF3-8787-3916-A2DD-0B8FCF31D012}"
	ProjectSection(ProjectDependencies) = postProject
		{AB4C0871-6E98-3CE5-B60B-504FAD3C6F22} = {AB4C0871-6E98-3CE5-B60B-504FAD3C6F22}
	EndProjectSection
EndProject
Project("{8BC9CEB8-8B4A-11D0-8D11-00A0C91BC942}") = "ext_convertUTF", "..\..\external\ConvertUTF\ext_convertUTF.vcxproj", "{9841182F-B5A4-30E9-8B8F-CC4390BCA5D8}"
	ProjectSection(ProjectDependencies) = postProject
		{AB4C0871-6E98-3CE5-B60B-504FAD3C6F22} = {AB4C0871-6E98-3CE5-B60B-504FAD3C6F22}
	EndProjectSection
EndProject
Project("{8BC9CEB8-8B4A-11D0-8D11-00A0C91BC942}") = "ext_edtaa3func", "..\..\external\edtaa3func\ext_edtaa3func.vcxproj", "{E34C9BA7-2CC1-371D-89C3-4C2217BAFD54}"
	ProjectSection(ProjectDependencies) = postProject
		{AB4C0871-6E98-3CE5-B60B-504FAD3C6F22} = {AB4C0871-6E98-3CE5-B60B-504FAD3C6F22}
	EndProjectSection
EndProject
Project("{8BC9CEB8-8B4A-11D0-8D11-00A0C91BC942}") = "ext_md5", "..\..\external\md5\ext_md5.vcxproj", "{F741B7C5-BD31-3B95-AC4B-5344C9C528FB}"
	ProjectSection(ProjectDependencies) = postProject
		{AB4C0871-6E98-3CE5-B60B-504FAD3C6F22} = {AB4C0871-6E98-3CE5-B60B-504FAD3C6F22}
	EndProjectSection
EndProject
Project("{8BC9CEB8-8B4A-11D0-8D11-00A0C91BC942}") = "ext_poly2tri", "..\..\external\poly2tri\ext_poly2tri.vcxproj", "{813519EA-7B83-381B-B7FA-01B59AF58F1A}"
	ProjectSection(ProjectDependencies) = postProject
		{AB4C0871-6E98-3CE5-B60B-504FAD3C6F22} = {AB4C0871-6E98-3CE5-B60B-504FAD3C6F22}
	EndProjectSection
EndProject
Project("{8BC9CEB8-8B4A-11D0-8D11-00A0C91BC942}") = "ext_recast", "..\..\external\recast\ext_recast.vcxproj", "{1DD2226B-733E-39A6-9AB4-51FD2BE9620A}"
	ProjectSection(ProjectDependencies) = postProject
		{AB4C0871-6E98-3CE5-B60B-504FAD3C6F22} = {AB4C0871-6E98-3CE5-B60B-504FAD3C6F22}
	EndProjectSection
EndProject
Project("{8BC9CEB8-8B4A-11D0-8D11-00A0C91BC942}") = "ext_tinyxml2", "..\..\external\tinyxml2\ext_tinyxml2.vcxproj", "{3D23F753-3DEA-3171-94EE-D43246021AFA}"
	ProjectSection(ProjectDependencies) = postProject
		{AB4C0871-6E98-3CE5-B60B-504FAD3C6F22} = {AB4C0871-6E98-3CE5-B60B-504FAD3C6F22}
	EndProjectSection
EndProject
Project("{8BC9CEB8-8B4A-11D0-8D11-00A0C91BC942}") = "ext_unzip", "..\..\external\unzip\ext_unzip.vcxproj", "{A9A9D956-C42A-3F26-91AC-6086AC3B79F8}"
	ProjectSection(ProjectDependencies) = postProject
		{AB4C0871-6E98-3CE5-B60B-504FAD3C6F22} = {AB4C0871-6E98-3CE5-B60B-504FAD3C6F22}
	EndProjectSection
EndProject
Project("{8BC9CEB8-8B4A-11D0-8D11-00A0C91BC942}") = "ext_xxhash", "..\..\external\xxhash\ext_xxhash.vcxproj", "{5C637ACF-AF4E-3D4A-A9C8-BC999BD2C890}"
	ProjectSection(ProjectDependencies) = postProject
		{AB4C0871-6E98-3CE5-B60B-504FAD3C6F22} = {AB4C0871-6E98-3CE5-B60B-504FAD3C6F22}
	EndProjectSection
EndProject
Project("{8BC9CEB8-8B4A-11D0-8D11-00A0C91BC942}") = "ext_xxtea", "..\..\external\xxtea\ext_xxtea.vcxproj", "{99704EF1-706B-3BA8-98ED-8FE6C897AB3F}"
	ProjectSection(ProjectDependencies) = postProject
		{AB4C0871-6E98-3CE5-B60B-504FAD3C6F22} = {AB4C0871-6E98-3CE5-B60B-504FAD3C6F22}
	EndProjectSection
EndProject
Project("{8BC9CEB8-8B4A-11D0-8D11-00A0C91BC942}") = "external", "..\..\external\external.vcxproj", "{2F0C163B-4C47-3966-81C9-8A8E7C851BB2}"
	ProjectSection(ProjectDependencies) = postProject
		{AB4C0871-6E98-3CE5-B60B-504FAD3C6F22} = {AB4C0871-6E98-3CE5-B60B-504FAD3C6F22}
		{4DDF4AF3-8787-3916-A2DD-0B8FCF31D012} = {4DDF4AF3-8787-3916-A2DD-0B8FCF31D012}
		{9841182F-B5A4-30E9-8B8F-CC4390BCA5D8} = {9841182F-B5A4-30E9-8B8F-CC4390BCA5D8}
		{E34C9BA7-2CC1-371D-89C3-4C2217BAFD54} = {E34C9BA7-2CC1-371D-89C3-4C2217BAFD54}
		{F741B7C5-BD31-3B95-AC4B-5344C9C528FB} = {F741B7C5-BD31-3B95-AC4B-5344C9C528FB}
		{813519EA-7B83-381B-B7FA-01B59AF58F1A} = {813519EA-7B83-381B-B7FA-01B59AF58F1A}
		{1DD2226B-733E-39A6-9AB4-51FD2BE9620A} = {1DD2226B-733E-39A6-9AB4-51FD2BE9620A}
		{3D23F753-3DEA-3171-94EE-D43246021AFA} = {3D23F753-3DEA-3171-94EE-D43246021AFA}
		{A9A9D956-C42A-3F26-91AC-6086AC3B79F8} = {A9A9D956-C42A-3F26-91AC-6086AC3B79F8}
		{5C637ACF-AF4E-3D4A-A9C8-BC999BD2C890} = {5C637ACF-AF4E-3D4A-A9C8-BC999BD2C890}
		{99704EF1-706B-3BA8-98ED-8FE6C897AB3F} = {99704EF1-706B-3BA8-98ED-8FE6C897AB3F}
	EndProjectSection
EndProject
Global
	GlobalSection(SolutionConfigurationPlatforms) = preSolution
		Debug|Win32 = Debug|Win32
		Release|Win32 = Release|Win32
		MinSizeRel|Win32 = MinSizeRel|Win32
		RelWithDebInfo|Win32 = RelWithDebInfo|Win32
	EndGlobalSection
	GlobalSection(ProjectConfigurationPlatforms) = postSolution
		{D9B6734D-2FFC-3224-9C06-D720095ED24D}.Debug|Win32.ActiveCfg = Debug|Win32
		{D9B6734D-2FFC-3224-9C06-D720095ED24D}.Release|Win32.ActiveCfg = Release|Win32
		{D9B6734D-2FFC-3224-9C06-D720095ED24D}.MinSizeRel|Win32.ActiveCfg = MinSizeRel|Win32
		{D9B6734D-2FFC-3224-9C06-D720095ED24D}.RelWithDebInfo|Win32.ActiveCfg = RelWithDebInfo|Win32
		{AB4C0871-6E98-3CE5-B60B-504FAD3C6F22}.Debug|Win32.ActiveCfg = Debug|Win32
		{AB4C0871-6E98-3CE5-B60B-504FAD3C6F22}.Debug|Win32.Build.0 = Debug|Win32
		{AB4C0871-6E98-3CE5-B60B-504FAD3C6F22}.Release|Win32.ActiveCfg = Release|Win32
		{AB4C0871-6E98-3CE5-B60B-504FAD3C6F22}.Release|Win32.Build.0 = Release|Win32
		{AB4C0871-6E98-3CE5-B60B-504FAD3C6F22}.MinSizeRel|Win32.ActiveCfg = MinSizeRel|Win32
		{AB4C0871-6E98-3CE5-B60B-504FAD3C6F22}.MinSizeRel|Win32.Build.0 = MinSizeRel|Win32
		{AB4C0871-6E98-3CE5-B60B-504FAD3C6F22}.RelWithDebInfo|Win32.ActiveCfg = RelWithDebInfo|Win32
		{AB4C0871-6E98-3CE5-B60B-504FAD3C6F22}.RelWithDebInfo|Win32.Build.0 = RelWithDebInfo|Win32
		{39E21DA3-3542-3043-B29F-1E5957F8A05C}.Debug|Win32.ActiveCfg = Debug|Win32
		{39E21DA3-3542-3043-B29F-1E5957F8A05C}.Debug|Win32.Build.0 = Debug|Win32
		{39E21DA3-3542-3043-B29F-1E5957F8A05C}.Release|Win32.ActiveCfg = Release|Win32
		{39E21DA3-3542-3043-B29F-1E5957F8A05C}.Release|Win32.Build.0 = Release|Win32
		{39E21DA3-3542-3043-B29F-1E5957F8A05C}.MinSizeRel|Win32.ActiveCfg = MinSizeRel|Win32
		{39E21DA3-3542-3043-B29F-1E5957F8A05C}.MinSizeRel|Win32.Build.0 = MinSizeRel|Win32
		{39E21DA3-3542-3043-B29F-1E5957F8A05C}.RelWithDebInfo|Win32.ActiveCfg = RelWithDebInfo|Win32
		{39E21DA3-3542-3043-B29F-1E5957F8A05C}.RelWithDebInfo|Win32.Build.0 = RelWithDebInfo|Win32
		{4DDF4AF3-8787-3916-A2DD-0B8FCF31D012}.Debug|Win32.ActiveCfg = Debug|Win32
		{4DDF4AF3-8787-3916-A2DD-0B8FCF31D012}.Debug|Win32.Build.0 = Debug|Win32
		{4DDF4AF3-8787-3916-A2DD-0B8FCF31D012}.Release|Win32.ActiveCfg = Release|Win32
		{4DDF4AF3-8787-3916-A2DD-0B8FCF31D012}.Release|Win32.Build.0 = Release|Win32
		{4DDF4AF3-8787-3916-A2DD-0B8FCF31D012}.MinSizeRel|Win32.ActiveCfg = MinSizeRel|Win32
		{4DDF4AF3-8787-3916-A2DD-0B8FCF31D012}.MinSizeRel|Win32.Build.0 = MinSizeRel|Win32
		{4DDF4AF3-8787-3916-A2DD-0B8FCF31D012}.RelWithDebInfo|Win32.ActiveCfg = RelWithDebInfo|Win32
		{4DDF4AF3-8787-3916-A2DD-0B8FCF31D012}.RelWithDebInfo|Win32.Build.0 = RelWithDebInfo|Win32
		{9841182F-B5A4-30E9-8B8F-CC4390BCA5D8}.Debug|Win32.ActiveCfg = Debug|Win32
		{9841182F-B5A4-30E9-8B8F-CC4390BCA5D8}.Debug|Win32.Build.0 = Debug|Win32
		{9841182F-B5A4-30E9-8B8F-CC4390BCA5D8}.Release|Win32.ActiveCfg = Release|Win32
		{9841182F-B5A4-30E9-8B8F-CC4390BCA5D8}.Release|Win32.Build.0 = Release|Win32
		{9841182F-B5A4-30E9-8B8F-CC4390BCA5D8}.MinSizeRel|Win32.ActiveCfg = MinSizeRel|Win32
		{9841182F-B5A4-30E9-8B8F-CC4390BCA5D8}.MinSizeRel|Win32.Build.0 = MinSizeRel|Win32
		{9841182F-B5A4-30E9-8B8F-CC4390BCA5D8}.RelWithDebInfo|Win32.ActiveCfg = RelWithDebInfo|Win32
		{9841182F-B5A4-30E9-8B8F-CC4390BCA5D8}.RelWithDebInfo|Win32.Build.0 = RelWithDebInfo|Win32
		{E34C9BA7-2CC1-371D-89C3-4C2217BAFD54}.Debug|Win32.ActiveCfg = Debug|Win32
		{E34C9BA7-2CC1-371D-89C3-4C2217BAFD54}.Debug|Win32.Build.0 = Debug|Win32
		{E34C9BA7-2CC1-371D-89C3-4C2217BAFD54}.Release|Win32.ActiveCfg = Release|Win32
		{E34C9BA7-2CC1-371D-89C3-4C2217BAFD54}.Release|Win32.Build.0 = Release|Win32
		{E34C9BA7-2CC1-371D-89C3-4C2217BAFD54}.MinSizeRel|Win32.ActiveCfg = MinSizeRel|Win32
		{E34C9BA7-2CC1-371D-89C3-4C2217BAFD54}.MinSizeRel|Win32.Build.0 = MinSizeRel|Win32
		{E34C9BA7-2CC1-371D-89C3-4C2217BAFD54}.RelWithDebInfo|Win32.ActiveCfg = RelWithDebInfo|Win32
		{E34C9BA7-2CC1-371D-89C3-4C2217BAFD54}.RelWithDebInfo|Win32.Build.0 = RelWithDebInfo|Win32
		{F741B7C5-BD31-3B95-AC4B-5344C9C528FB}.Debug|Win32.ActiveCfg = Debug|Win32
		{F741B7C5-BD31-3B95-AC4B-5344C9C528FB}.Debug|Win32.Build.0 = Debug|Win32
		{F741B7C5-BD31-3B95-AC4B-5344C9C528FB}.Release|Win32.ActiveCfg = Release|Win32
		{F741B7C5-BD31-3B95-AC4B-5344C9C528FB}.Release|Win32.Build.0 = Release|Win32
		{F741B7C5-BD31-3B95-AC4B-5344C9C528FB}.MinSizeRel|Win32.ActiveCfg = MinSizeRel|Win32
		{F741B7C5-BD31-3B95-AC4B-5344C9C528FB}.MinSizeRel|Win32.Build.0 = MinSizeRel|Win32
		{F741B7C5-BD31-3B95-AC4B-5344C9C528FB}.RelWithDebInfo|Win32.ActiveCfg = RelWithDebInfo|Win32
		{F741B7C5-BD31-3B95-AC4B-5344C9C528FB}.RelWithDebInfo|Win32.Build.0 = RelWithDebInfo|Win32
		{813519EA-7B83-381B-B7FA-01B59AF58F1A}.Debug|Win32.ActiveCfg = Debug|Win32
		{813519EA-7B83-381B-B7FA-01B59AF58F1A}.Debug|Win32.Build.0 = Debug|Win32
		{813519EA-7B83-381B-B7FA-01B59AF58F1A}.Release|Win32.ActiveCfg = Release|Win32
		{813519EA-7B83-381B-B7FA-01B59AF58F1A}.Release|Win32.Build.0 = Release|Win32
		{813519EA-7B83-381B-B7FA-01B59AF58F1A}.MinSizeRel|Win32.ActiveCfg = MinSizeRel|Win32
		{813519EA-7B83-381B-B7FA-01B59AF58F1A}.MinSizeRel|Win32.Build.0 = MinSizeRel|Win32
		{813519EA-7B83-381B-B7FA-01B59AF58F1A}.RelWithDebInfo|Win32.ActiveCfg = RelWithDebInfo|Win32
		{813519EA-7B83-381B-B7FA-01B59AF58F1A}.RelWithDebInfo|Win32.Build.0 = RelWithDebInfo|Win32
		{1DD2226B-733E-39A6-9AB4-51FD2BE9620A}.Debug|Win32.ActiveCfg = Debug|Win32
		{1DD2226B-733E-39A6-9AB4-51FD2BE9620A}.Debug|Win32.Build.0 = Debug|Win32
		{1DD2226B-733E-39A6-9AB4-51FD2BE9620A}.Release|Win32.ActiveCfg = Release|Win32
		{1DD2226B-733E-39A6-9AB4-51FD2BE9620A}.Release|Win32.Build.0 = Release|Win32
		{1DD2226B-733E-39A6-9AB4-51FD2BE9620A}.MinSizeRel|Win32.ActiveCfg = MinSizeRel|Win32
		{1DD2226B-733E-39A6-9AB4-51FD2BE9620A}.MinSizeRel|Win32.Build.0 = MinSizeRel|Win32
		{1DD2226B-733E-39A6-9AB4-51FD2BE9620A}.RelWithDebInfo|Win32.ActiveCfg = RelWithDebInfo|Win32
		{1DD2226B-733E-39A6-9AB4-51FD2BE9620A}.RelWithDebInfo|Win32.Build.0 = RelWithDebInfo|Win32
		{3D23F753-3DEA-3171-94EE-D43246021AFA}.Debug|Win32.ActiveCfg = Debug|Win32
		{3D23F753-3DEA-3171-94EE-D43246021AFA}.Debug|Win32.Build.0 = Debug|Win32
		{3D23F753-3DEA-3171-94EE-D43246021AFA}.Release|Win32.ActiveCfg = Release|Win32
		{3D23F753-3DEA-3171-94EE-D43246021AFA}.Release|Win32.Build.0 = Release|Win32
		{3D23F753-3DEA-3171-94EE-D43246021AFA}.MinSizeRel|Win32.ActiveCfg = MinSizeRel|Win32
		{3D23F753-3DEA-3171-94EE-D43246021AFA}.MinSizeRel|Win32.Build.0 = MinSizeRel|Win32
		{3D23F753-3DEA-3171-94EE-D43246021AFA}.RelWithDebInfo|Win32.ActiveCfg = RelWithDebInfo|Win32
		{3D23F753-3DEA-3171-94EE-D43246021AFA}.RelWithDebInfo|Win32.Build.0 = RelWithDebInfo|Win32
		{A9A9D956-C42A-3F26-91AC-6086AC3B79F8}.Debug|Win32.ActiveCfg = Debug|Win32
		{A9A9D956-C42A-3F26-91AC-6086AC3B79F8}.Debug|Win32.Build.0 = Debug|Win32
		{A9A9D956-C42A-3F26-91AC-6086AC3B79F8}.Release|Win32.ActiveCfg = Release|Win32
		{A9A9D956-C42A-3F26-91AC-6086AC3B79F8}.Release|Win32.Build.0 = Release|Win32
		{A9A9D956-C42A-3F26-91AC-6086AC3B79F8}.MinSizeRel|Win32.ActiveCfg = MinSizeRel|Win32
		{A9A9D956-C42A-3F26-91AC-6086AC3B79F8}.MinSizeRel|Win32.Build.0 = MinSizeRel|Win32
		{A9A9D956-C42A-3F26-91AC-6086AC3B79F8}.RelWithDebInfo|Win32.ActiveCfg = RelWithDebInfo|Win32
		{A9A9D956-C42A-3F26-91AC-6086AC3B79F8}.RelWithDebInfo|Win32.Build.0 = RelWithDebInfo|Win32
		{5C637ACF-AF4E-3D4A-A9C8-BC999BD2C890}.Debug|Win32.ActiveCfg = Debug|Win32
		{5C637ACF-AF4E-3D4A-A9C8-BC999BD2C890}.Debug|Win32.Build.0 = Debug|Win32
		{5C637ACF-AF4E-3D4A-A9C8-BC999BD2C890}.Release|Win32.ActiveCfg = Release|Win32
		{5C637ACF-AF4E-3D4A-A9C8-BC999BD2C890}.Release|Win32.Build.0 = Release|Win32
		{5C637ACF-AF4E-3D4A-A9C8-BC999BD2C890}.MinSizeRel|Win32.ActiveCfg = MinSizeRel|Win32
		{5C637ACF-AF4E-3D4A-A9C8-BC999BD2C890}.MinSizeRel|Win32.Build.0 = MinSizeRel|Win32
		{5C637ACF-AF4E-3D4A-A9C8-BC999BD2C890}.RelWithDebInfo|Win32.ActiveCfg = RelWithDebInfo|Win32
		{5C637ACF-AF4E-3D4A-A9C8-BC999BD2C890}.RelWithDebInfo|Win32.Build.0 = RelWithDebInfo|Win32
		{99704EF1-706B-3BA8-98ED-8FE6C897AB3F}.Debug|Win32.ActiveCfg = Debug|Win32
		{99704EF1-706B-3BA8-98ED-8FE6C897AB3F}.Debug|Win32.Build.0 = Debug|Win32
		{99704EF1-706B-3BA8-98ED-8FE6C897AB3F}.Release|Win32.ActiveCfg = Release|Win32
		{99704EF1-706B-3BA8-98ED-8FE6C897AB3F}.Release|Win32.Build.0 = Release|Win32
		{99704EF1-706B-3BA8-98ED-8FE6C897AB3F}.MinSizeRel|Win32.ActiveCfg = MinSizeRel|Win32
		{99704EF1-706B-3BA8-98ED-8FE6C897AB3F}.MinSizeRel|Win32.Build.0 = MinSizeRel|Win32
		{99704EF1-706B-3BA8-98ED-8FE6C897AB3F}.RelWithDebInfo|Win32.ActiveCfg = RelWithDebInfo|Win32
		{99704EF1-706B-3BA8-98ED-8FE6C897AB3F}.RelWithDebInfo|Win32.Build.0 = RelWithDebInfo|Win32
		{2F0C163B-4C47-3966-81C9-8A8E7C851BB2}.Debug|Win32.ActiveCfg = Debug|Win32
		{2F0C163B-4C47-3966-81C9-8A8E7C851BB2}.Debug|Win32.Build.0 = Debug|Win32
		{2F0C163B-4C47-3966-81C9-8A8E7C851BB2}.Release|Win32.ActiveCfg = Release|Win32
		{2F0C163B-4C47-3966-81C9-8A8E7C851BB2}.Release|Win32.Build.0 = Release|Win32
		{2F0C163B-4C47-3966-81C9-8A8E7C851BB2}.MinSizeRel|Win32.ActiveCfg = MinSizeRel|Win32
		{2F0C163B-4C47-3966-81C9-8A8E7C851BB2}.MinSizeRel|Win32.Build.0 = MinSizeRel|Win32
		{2F0C163B-4C47-3966-81C9-8A8E7C851BB2}.RelWithDebInfo|Win32.ActiveCfg = RelWithDebInfo|Win32
		{2F0C163B-4C47-3966-81C9-8A8E7C851BB2}.RelWithDebInfo|Win32.Build.0 = RelWithDebInfo|Win32
	EndGlobalSection
	GlobalSection(NestedProjects) = preSolution
		{D9B6734D-2FFC-3224-9C06-D720095ED24D} = {98BDDF62-8653-30ED-8C55-DB7468275380}
		{AB4C0871-6E98-3CE5-B60B-504FAD3C6F22} = {98BDDF62-8653-30ED-8C55-DB7468275380}
		{4DDF4AF3-8787-3916-A2DD-0B8FCF31D012} = {DB71B17A-9C08-3C47-98B4-0FCFB0B22329}
		{9841182F-B5A4-30E9-8B8F-CC4390BCA5D8} = {DB71B17A-9C08-3C47-98B4-0FCFB0B22329}
		{E34C9BA7-2CC1-371D-89C3-4C2217BAFD54} = {DB71B17A-9C08-3C47-98B4-0FCFB0B22329}
		{F741B7C5-BD31-3B95-AC4B-5344C9C528FB} = {DB71B17A-9C08-3C47-98B4-0FCFB0B22329}
		{813519EA-7B83-381B-B7FA-01B59AF58F1A} = {DB71B17A-9C08-3C47-98B4-0FCFB0B22329}
		{1DD2226B-733E-39A6-9AB4-51FD2BE9620A} = {DB71B17A-9C08-3C47-98B4-0FCFB0B22329}
		{3D23F753-3DEA-3171-94EE-D43246021AFA} = {DB71B17A-9C08-3C47-98B4-0FCFB0B22329}
		{A9A9D956-C42A-3F26-91AC-6086AC3B79F8} = {DB71B17A-9C08-3C47-98B4-0FCFB0B22329}
		{5C637ACF-AF4E-3D4A-A9C8-BC999BD2C890} = {DB71B17A-9C08-3C47-98B4-0FCFB0B22329}
		{99704EF1-706B-3BA8-98ED-8FE6C897AB3F} = {DB71B17A-9C08-3C47-98B4-0FCFB0B22329}
		{2F0C163B-4C47-3966-81C9-8A8E7C851BB2} = {DB71B17A-9C08-3C47-98B4-0FCFB0B22329}
		{39E21DA3-3542-3043-B29F-1E5957F8A05C} = {3E350385-C925-3A66-96CC-2EA0E33BCC0B}
	EndGlobalSection
	GlobalSection(ExtensibilityGlobals) = postSolution
		SolutionGuid = {72C3D49C-2621-3C0B-8ADB-8EB0DDD00877}
	EndGlobalSection
	GlobalSection(ExtensibilityAddIns) = postSolution
	EndGlobalSection
EndGlobal
